
Microsoft Visual Studio Solution File, Format Version 12.00
# Visual Studio 2012
Project("{FAE04EC0-301F-11D3-BF4B-00C04F79EFBC}") = "oops_2", "oops_2\oops_2.csproj", "{D04EC6FE-4B2E-425C-B238-4470E7560677}"
EndProject
Global
	GlobalSection(SolutionConfigurationPlatforms) = preSolution
		Debug|Any CPU = Debug|Any CPU
		Release|Any CPU = Release|Any CPU
	EndGlobalSection
	GlobalSection(ProjectConfigurationPlatforms) = postSolution
		{D04EC6FE-4B2E-425C-B238-4470E7560677}.Debug|Any CPU.ActiveCfg = Debug|Any CPU
		{D04EC6FE-4B2E-425C-B238-4470E7560677}.Debug|Any CPU.Build.0 = Debug|Any CPU
		{D04EC6FE-4B2E-425C-B238-4470E7560677}.Release|Any CPU.ActiveCfg = Release|Any CPU
		{D04EC6FE-4B2E-425C-B238-4470E7560677}.Release|Any CPU.Build.0 = Release|Any CPU
	EndGlobalSection
	GlobalSection(SolutionProperties) = preSolution
		HideSolutionNode = FALSE
	EndGlobalSection
EndGlobal
